
Microsoft Visual Studio Solution File, Format Version 12.00
# Visual Studio 15
VisualStudioVersion = 15.0.26730.10
MinimumVisualStudioVersion = 10.0.40219.1
Project("{FAE04EC0-301F-11D3-BF4B-00C04F79EFBC}") = "GooglePlaceAPI", "GooglePlaceAPI\GooglePlaceAPI.csproj", "{BEBDB272-EE63-4CAD-B0D9-3420DF85EDAA}"
EndProject
Global
	GlobalSection(SolutionConfigurationPlatforms) = preSolution
		Debug|Any CPU = Debug|Any CPU
		Release|Any CPU = Release|Any CPU
	EndGlobalSection
	GlobalSection(ProjectConfigurationPlatforms) = postSolution
		{BEBDB272-EE63-4CAD-B0D9-3420DF85EDAA}.Debug|Any CPU.ActiveCfg = Debug|Any CPU
		{BEBDB272-EE63-4CAD-B0D9-3420DF85EDAA}.Debug|Any CPU.Build.0 = Debug|Any CPU
		{BEBDB272-EE63-4CAD-B0D9-3420DF85EDAA}.Release|Any CPU.ActiveCfg = Release|Any CPU
		{BEBDB272-EE63-4CAD-B0D9-3420DF85EDAA}.Release|Any CPU.Build.0 = Release|Any CPU
	EndGlobalSection
	GlobalSection(SolutionProperties) = preSolution
		HideSolutionNode = FALSE
	EndGlobalSection
	GlobalSection(ExtensibilityGlobals) = postSolution
		SolutionGuid = {726B55DF-1164-408F-A83E-A86C3076C3CB}
	EndGlobalSection
EndGlobal
